
Microsoft Visual Studio Solution File, Format Version 12.00
# Visual Studio 15
Project("{FAE04EC0-301F-11D3-BF4B-00C04F79EFBC}") = "Assembly-CSharp", "Assembly-CSharp.csproj", "{415A1870-EDBB-BA3F-B86F-4BBAE747BA89}"
EndProject
Project("{FAE04EC0-301F-11D3-BF4B-00C04F79EFBC}") = "Assembly-CSharp-firstpass", "Assembly-CSharp-firstpass.csproj", "{D93242C5-D666-61CB-AF45-B5A33319D6E9}"
EndProject
Project("{FAE04EC0-301F-11D3-BF4B-00C04F79EFBC}") = "Assembly-CSharp-Editor", "Assembly-CSharp-Editor.csproj", "{77267349-6B2F-D53A-52F3-CF78AEDB125E}"
EndProject
Global
	GlobalSection(SolutionConfigurationPlatforms) = preSolution
		Debug|Any CPU = Debug|Any CPU
		Release|Any CPU = Release|Any CPU
	EndGlobalSection
	GlobalSection(ProjectConfigurationPlatforms) = postSolution
		{415A1870-EDBB-BA3F-B86F-4BBAE747BA89}.Debug|Any CPU.ActiveCfg = Debug|Any CPU
		{415A1870-EDBB-BA3F-B86F-4BBAE747BA89}.Debug|Any CPU.Build.0 = Debug|Any CPU
		{415A1870-EDBB-BA3F-B86F-4BBAE747BA89}.Release|Any CPU.ActiveCfg = Release|Any CPU
		{415A1870-EDBB-BA3F-B86F-4BBAE747BA89}.Release|Any CPU.Build.0 = Release|Any CPU
		{D93242C5-D666-61CB-AF45-B5A33319D6E9}.Debug|Any CPU.ActiveCfg = Debug|Any CPU
		{D93242C5-D666-61CB-AF45-B5A33319D6E9}.Debug|Any CPU.Build.0 = Debug|Any CPU
		{D93242C5-D666-61CB-AF45-B5A33319D6E9}.Release|Any CPU.ActiveCfg = Release|Any CPU
		{D93242C5-D666-61CB-AF45-B5A33319D6E9}.Release|Any CPU.Build.0 = Release|Any CPU
		{77267349-6B2F-D53A-52F3-CF78AEDB125E}.Debug|Any CPU.ActiveCfg = Debug|Any CPU
		{77267349-6B2F-D53A-52F3-CF78AEDB125E}.Debug|Any CPU.Build.0 = Debug|Any CPU
		{77267349-6B2F-D53A-52F3-CF78AEDB125E}.Release|Any CPU.ActiveCfg = Release|Any CPU
		{77267349-6B2F-D53A-52F3-CF78AEDB125E}.Release|Any CPU.Build.0 = Release|Any CPU
	EndGlobalSection
	GlobalSection(SolutionProperties) = preSolution
		HideSolutionNode = FALSE
	EndGlobalSection
EndGlobal
